// !$*UTF8*$!
{
	archiveVersion = 1;
	classes = {
	};
	objectVersion = 56;
	objects = {

/* Begin PBXBuildFile section */
		BF8345BE2B899A300001333A /* DragSectionView.swift in Sources */ = {isa = PBXBuildFile; fileRef = BF8345BD2B899A300001333A /* DragSectionView.swift */; };
		BF8345C02B899A4E0001333A /* DragGestureBounceBack.swift in Sources */ = {isa = PBXBuildFile; fileRef = BF8345BF2B899A4E0001333A /* DragGestureBounceBack.swift */; };
		BF8345C22B899CA40001333A /* DragGestureView.swift in Sources */ = {isa = PBXBuildFile; fileRef = BF8345C12B899CA40001333A /* DragGestureView.swift */; };
		BF8345C42B899FDE0001333A /* DragGestureStoreState.swift in Sources */ = {isa = PBXBuildFile; fileRef = BF8345C32B899FDE0001333A /* DragGestureStoreState.swift */; };
		BFE3B8692B883F2400E1FEE6 /* GesturesExplorationApp.swift in Sources */ = {isa = PBXBuildFile; fileRef = BFE3B8682B883F2400E1FEE6 /* GesturesExplorationApp.swift */; };
		BFE3B86B2B883F2400E1FEE6 /* GesturesDemo.swift in Sources */ = {isa = PBXBuildFile; fileRef = BFE3B86A2B883F2400E1FEE6 /* GesturesDemo.swift */; };
		BFE3B86D2B883F2500E1FEE6 /* Assets.xcassets in Resources */ = {isa = PBXBuildFile; fileRef = BFE3B86C2B883F2500E1FEE6 /* Assets.xcassets */; };
		BFE3B8712B883F2500E1FEE6 /* Preview Assets.xcassets in Resources */ = {isa = PBXBuildFile; fileRef = BFE3B8702B883F2500E1FEE6 /* Preview Assets.xcassets */; };
		BFE3B87D2B88410C00E1FEE6 /* NiceTextView.swift in Sources */ = {isa = PBXBuildFile; fileRef = BFE3B87C2B88410C00E1FEE6 /* NiceTextView.swift */; };
		BFE3B87F2B88420200E1FEE6 /* SquaresRow.swift in Sources */ = {isa = PBXBuildFile; fileRef = BFE3B87E2B88420200E1FEE6 /* SquaresRow.swift */; };
		BFE3B8812B8846C900E1FEE6 /* Squares.swift in Sources */ = {isa = PBXBuildFile; fileRef = BFE3B8802B8846C900E1FEE6 /* Squares.swift */; };
		BFE3B8832B88480C00E1FEE6 /* MagnificationSectionView.swift in Sources */ = {isa = PBXBuildFile; fileRef = BFE3B8822B88480C00E1FEE6 /* MagnificationSectionView.swift */; };
		BFE3B8852B884B6E00E1FEE6 /* MagnificationBounceBackView.swift in Sources */ = {isa = PBXBuildFile; fileRef = BFE3B8842B884B6E00E1FEE6 /* MagnificationBounceBackView.swift */; };
		BFE3B8872B88510D00E1FEE6 /* MagnificationView.swift in Sources */ = {isa = PBXBuildFile; fileRef = BFE3B8862B88510D00E1FEE6 /* MagnificationView.swift */; };
		BFE3B8892B88540300E1FEE6 /* MagnificationStoreStateView.swift in Sources */ = {isa = PBXBuildFile; fileRef = BFE3B8882B88540300E1FEE6 /* MagnificationStoreStateView.swift */; };
/* End PBXBuildFile section */

/* Begin PBXFileReference section */
		BF8345BD2B899A300001333A /* DragSectionView.swift */ = {isa = PBXFileReference; lastKnownFileType = sourcecode.swift; path = DragSectionView.swift; sourceTree = "<group>"; };
		BF8345BF2B899A4E0001333A /* DragGestureBounceBack.swift */ = {isa = PBXFileReference; lastKnownFileType = sourcecode.swift; path = DragGestureBounceBack.swift; sourceTree = "<group>"; };
		BF8345C12B899CA40001333A /* DragGestureView.swift */ = {isa = PBXFileReference; lastKnownFileType = sourcecode.swift; path = DragGestureView.swift; sourceTree = "<group>"; };
		BF8345C32B899FDE0001333A /* DragGestureStoreState.swift */ = {isa = PBXFileReference; lastKnownFileType = sourcecode.swift; path = DragGestureStoreState.swift; sourceTree = "<group>"; };
		BFE3B8652B883F2400E1FEE6 /* GesturesExploration.app */ = {isa = PBXFileReference; explicitFileType = wrapper.application; includeInIndex = 0; path = GesturesExploration.app; sourceTree = BUILT_PRODUCTS_DIR; };
		BFE3B8682B883F2400E1FEE6 /* GesturesExplorationApp.swift */ = {isa = PBXFileReference; lastKnownFileType = sourcecode.swift; path = GesturesExplorationApp.swift; sourceTree = "<group>"; };
		BFE3B86A2B883F2400E1FEE6 /* GesturesDemo.swift */ = {isa = PBXFileReference; lastKnownFileType = sourcecode.swift; path = GesturesDemo.swift; sourceTree = "<group>"; };
		BFE3B86C2B883F2500E1FEE6 /* Assets.xcassets */ = {isa = PBXFileReference; lastKnownFileType = folder.assetcatalog; path = Assets.xcassets; sourceTree = "<group>"; };
		BFE3B86E2B883F2500E1FEE6 /* GesturesExploration.entitlements */ = {isa = PBXFileReference; lastKnownFileType = text.plist.entitlements; path = GesturesExploration.entitlements; sourceTree = "<group>"; };
		BFE3B8702B883F2500E1FEE6 /* Preview Assets.xcassets */ = {isa = PBXFileReference; lastKnownFileType = folder.assetcatalog; path = "Preview Assets.xcassets"; sourceTree = "<group>"; };
		BFE3B87C2B88410C00E1FEE6 /* NiceTextView.swift */ = {isa = PBXFileReference; lastKnownFileType = sourcecode.swift; path = NiceTextView.swift; sourceTree = "<group>"; };
		BFE3B87E2B88420200E1FEE6 /* SquaresRow.swift */ = {isa = PBXFileReference; lastKnownFileType = sourcecode.swift; path = SquaresRow.swift; sourceTree = "<group>"; };
		BFE3B8802B8846C900E1FEE6 /* Squares.swift */ = {isa = PBXFileReference; lastKnownFileType = sourcecode.swift; path = Squares.swift; sourceTree = "<group>"; };
		BFE3B8822B88480C00E1FEE6 /* MagnificationSectionView.swift */ = {isa = PBXFileReference; lastKnownFileType = sourcecode.swift; path = MagnificationSectionView.swift; sourceTree = "<group>"; };
		BFE3B8842B884B6E00E1FEE6 /* MagnificationBounceBackView.swift */ = {isa = PBXFileReference; lastKnownFileType = sourcecode.swift; path = MagnificationBounceBackView.swift; sourceTree = "<group>"; };
		BFE3B8862B88510D00E1FEE6 /* MagnificationView.swift */ = {isa = PBXFileReference; lastKnownFileType = sourcecode.swift; path = MagnificationView.swift; sourceTree = "<group>"; };
		BFE3B8882B88540300E1FEE6 /* MagnificationStoreStateView.swift */ = {isa = PBXFileReference; lastKnownFileType = sourcecode.swift; path = MagnificationStoreStateView.swift; sourceTree = "<group>"; };
/* End PBXFileReference section */

/* Begin PBXFrameworksBuildPhase section */
		BFE3B8622B883F2400E1FEE6 /* Frameworks */ = {
			isa = PBXFrameworksBuildPhase;
			buildActionMask = 2147483647;
			files = (
			);
			runOnlyForDeploymentPostprocessing = 0;
		};
/* End PBXFrameworksBuildPhase section */

/* Begin PBXGroup section */
		BFE3B85C2B883F2400E1FEE6 = {
			isa = PBXGroup;
			children = (
				BFE3B8672B883F2400E1FEE6 /* GesturesExploration */,
				BFE3B8662B883F2400E1FEE6 /* Products */,
			);
			sourceTree = "<group>";
		};
		BFE3B8662B883F2400E1FEE6 /* Products */ = {
			isa = PBXGroup;
			children = (
				BFE3B8652B883F2400E1FEE6 /* GesturesExploration.app */,
			);
			name = Products;
			sourceTree = "<group>";
		};
		BFE3B8672B883F2400E1FEE6 /* GesturesExploration */ = {
			isa = PBXGroup;
			children = (
				BFE3B87B2B88409100E1FEE6 /* Supporting Views */,
				BFE3B87A2B88408400E1FEE6 /* General Gestures Section */,
				BFE3B8792B88407200E1FEE6 /* Rotation Section */,
				BFE3B8782B88406500E1FEE6 /* Drag Section */,
				BFE3B8772B88405500E1FEE6 /* Magnification Section */,
				BFE3B8682B883F2400E1FEE6 /* GesturesExplorationApp.swift */,
				BFE3B86A2B883F2400E1FEE6 /* GesturesDemo.swift */,
				BFE3B86C2B883F2500E1FEE6 /* Assets.xcassets */,
				BFE3B86E2B883F2500E1FEE6 /* GesturesExploration.entitlements */,
				BFE3B86F2B883F2500E1FEE6 /* Preview Content */,
			);
			path = GesturesExploration;
			sourceTree = "<group>";
		};
		BFE3B86F2B883F2500E1FEE6 /* Preview Content */ = {
			isa = PBXGroup;
			children = (
				BFE3B8702B883F2500E1FEE6 /* Preview Assets.xcassets */,
			);
			path = "Preview Content";
			sourceTree = "<group>";
		};
		BFE3B8772B88405500E1FEE6 /* Magnification Section */ = {
			isa = PBXGroup;
			children = (
				BFE3B8822B88480C00E1FEE6 /* MagnificationSectionView.swift */,
				BFE3B8842B884B6E00E1FEE6 /* MagnificationBounceBackView.swift */,
				BFE3B8862B88510D00E1FEE6 /* MagnificationView.swift */,
				BFE3B8882B88540300E1FEE6 /* MagnificationStoreStateView.swift */,
			);
			path = "Magnification Section";
			sourceTree = "<group>";
		};
		BFE3B8782B88406500E1FEE6 /* Drag Section */ = {
			isa = PBXGroup;
			children = (
				BF8345BD2B899A300001333A /* DragSectionView.swift */,
				BF8345BF2B899A4E0001333A /* DragGestureBounceBack.swift */,
				BF8345C12B899CA40001333A /* DragGestureView.swift */,
				BF8345C32B899FDE0001333A /* DragGestureStoreState.swift */,
			);
			path = "Drag Section";
			sourceTree = "<group>";
		};
		BFE3B8792B88407200E1FEE6 /* Rotation Section */ = {
			isa = PBXGroup;
			children = (
			);
			path = "Rotation Section";
			sourceTree = "<group>";
		};
		BFE3B87A2B88408400E1FEE6 /* General Gestures Section */ = {
			isa = PBXGroup;
			children = (
			);
			path = "General Gestures Section";
			sourceTree = "<group>";
		};
		BFE3B87B2B88409100E1FEE6 /* Supporting Views */ = {
			isa = PBXGroup;
			children = (
				BFE3B87C2B88410C00E1FEE6 /* NiceTextView.swift */,
				BFE3B87E2B88420200E1FEE6 /* SquaresRow.swift */,
				BFE3B8802B8846C900E1FEE6 /* Squares.swift */,
			);
			path = "Supporting Views";
			sourceTree = "<group>";
		};
/* End PBXGroup section */

/* Begin PBXNativeTarget section */
		BFE3B8642B883F2400E1FEE6 /* GesturesExploration */ = {
			isa = PBXNativeTarget;
			buildConfigurationList = BFE3B8742B883F2500E1FEE6 /* Build configuration list for PBXNativeTarget "GesturesExploration" */;
			buildPhases = (
				BFE3B8612B883F2400E1FEE6 /* Sources */,
				BFE3B8622B883F2400E1FEE6 /* Frameworks */,
				BFE3B8632B883F2400E1FEE6 /* Resources */,
			);
			buildRules = (
			);
			dependencies = (
			);
			name = GesturesExploration;
			productName = GesturesExploration;
			productReference = BFE3B8652B883F2400E1FEE6 /* GesturesExploration.app */;
			productType = "com.apple.product-type.application";
		};
/* End PBXNativeTarget section */

/* Begin PBXProject section */
		BFE3B85D2B883F2400E1FEE6 /* Project object */ = {
			isa = PBXProject;
			attributes = {
				BuildIndependentTargetsInParallel = 1;
				LastSwiftUpdateCheck = 1520;
				LastUpgradeCheck = 1520;
				TargetAttributes = {
					BFE3B8642B883F2400E1FEE6 = {
						CreatedOnToolsVersion = 15.2;
					};
				};
			};
			buildConfigurationList = BFE3B8602B883F2400E1FEE6 /* Build configuration list for PBXProject "GesturesExploration" */;
			compatibilityVersion = "Xcode 14.0";
			developmentRegion = en;
			hasScannedForEncodings = 0;
			knownRegions = (
				en,
				Base,
			);
			mainGroup = BFE3B85C2B883F2400E1FEE6;
			productRefGroup = BFE3B8662B883F2400E1FEE6 /* Products */;
			projectDirPath = "";
			projectRoot = "";
			targets = (
				BFE3B8642B883F2400E1FEE6 /* GesturesExploration */,
			);
		};
/* End PBXProject section */

/* Begin PBXResourcesBuildPhase section */
		BFE3B8632B883F2400E1FEE6 /* Resources */ = {
			isa = PBXResourcesBuildPhase;
			buildActionMask = 2147483647;
			files = (
				BFE3B8712B883F2500E1FEE6 /* Preview Assets.xcassets in Resources */,
				BFE3B86D2B883F2500E1FEE6 /* Assets.xcassets in Resources */,
			);
			runOnlyForDeploymentPostprocessing = 0;
		};
/* End PBXResourcesBuildPhase section */

/* Begin PBXSourcesBuildPhase section */
		BFE3B8612B883F2400E1FEE6 /* Sources */ = {
			isa = PBXSourcesBuildPhase;
			buildActionMask = 2147483647;
			files = (
				BFE3B87D2B88410C00E1FEE6 /* NiceTextView.swift in Sources */,
				BFE3B8852B884B6E00E1FEE6 /* MagnificationBounceBackView.swift in Sources */,
				BF8345BE2B899A300001333A /* DragSectionView.swift in Sources */,
				BFE3B86B2B883F2400E1FEE6 /* GesturesDemo.swift in Sources */,
				BF8345C22B899CA40001333A /* DragGestureView.swift in Sources */,
				BF8345C02B899A4E0001333A /* DragGestureBounceBack.swift in Sources */,
				BFE3B8812B8846C900E1FEE6 /* Squares.swift in Sources */,
				BFE3B8692B883F2400E1FEE6 /* GesturesExplorationApp.swift in Sources */,
				BFE3B8832B88480C00E1FEE6 /* MagnificationSectionView.swift in Sources */,
				BFE3B8892B88540300E1FEE6 /* MagnificationStoreStateView.swift in Sources */,
				BFE3B8872B88510D00E1FEE6 /* MagnificationView.swift in Sources */,
				BF8345C42B899FDE0001333A /* DragGestureStoreState.swift in Sources */,
				BFE3B87F2B88420200E1FEE6 /* SquaresRow.swift in Sources */,
			);
			runOnlyForDeploymentPostprocessing = 0;
		};
/* End PBXSourcesBuildPhase section */

/* Begin XCBuildConfiguration section */
		BFE3B8722B883F2500E1FEE6 /* Debug */ = {
			isa = XCBuildConfiguration;
			buildSettings = {
				ALWAYS_SEARCH_USER_PATHS = NO;
				ASSETCATALOG_COMPILER_GENERATE_SWIFT_ASSET_SYMBOL_EXTENSIONS = YES;
				CLANG_ANALYZER_NONNULL = YES;
				CLANG_ANALYZER_NUMBER_OBJECT_CONVERSION = YES_AGGRESSIVE;
				CLANG_CXX_LANGUAGE_STANDARD = "gnu++20";
				CLANG_ENABLE_MODULES = YES;
				CLANG_ENABLE_OBJC_ARC = YES;
				CLANG_ENABLE_OBJC_WEAK = YES;
				CLANG_WARN_BLOCK_CAPTURE_AUTORELEASING = YES;
				CLANG_WARN_BOOL_CONVERSION = YES;
				CLANG_WARN_COMMA = YES;
				CLANG_WARN_CONSTANT_CONVERSION = YES;
				CLANG_WARN_DEPRECATED_OBJC_IMPLEMENTATIONS = YES;
				CLANG_WARN_DIRECT_OBJC_ISA_USAGE = YES_ERROR;
				CLANG_WARN_DOCUMENTATION_COMMENTS = YES;
				CLANG_WARN_EMPTY_BODY = YES;
				CLANG_WARN_ENUM_CONVERSION = YES;
				CLANG_WARN_INFINITE_RECURSION = YES;
				CLANG_WARN_INT_CONVERSION = YES;
				CLANG_WARN_NON_LITERAL_NULL_CONVERSION = YES;
				CLANG_WARN_OBJC_IMPLICIT_RETAIN_SELF = YES;
				CLANG_WARN_OBJC_LITERAL_CONVERSION = YES;
				CLANG_WARN_OBJC_ROOT_CLASS = YES_ERROR;
				CLANG_WARN_QUOTED_INCLUDE_IN_FRAMEWORK_HEADER = YES;
				CLANG_WARN_RANGE_LOOP_ANALYSIS = YES;
				CLANG_WARN_STRICT_PROTOTYPES = YES;
				CLANG_WARN_SUSPICIOUS_MOVE = YES;
				CLANG_WARN_UNGUARDED_AVAILABILITY = YES_AGGRESSIVE;
				CLANG_WARN_UNREACHABLE_CODE = YES;
				CLANG_WARN__DUPLICATE_METHOD_MATCH = YES;
				COPY_PHASE_STRIP = NO;
				DEBUG_INFORMATION_FORMAT = dwarf;
				ENABLE_STRICT_OBJC_MSGSEND = YES;
				ENABLE_TESTABILITY = YES;
				ENABLE_USER_SCRIPT_SANDBOXING = YES;
				GCC_C_LANGUAGE_STANDARD = gnu17;
				GCC_DYNAMIC_NO_PIC = NO;
				GCC_NO_COMMON_BLOCKS = YES;
				GCC_OPTIMIZATION_LEVEL = 0;
				GCC_PREPROCESSOR_DEFINITIONS = (
					"DEBUG=1",
					"$(inherited)",
				);
				GCC_WARN_64_TO_32_BIT_CONVERSION = YES;
				GCC_WARN_ABOUT_RETURN_TYPE = YES_ERROR;
				GCC_WARN_UNDECLARED_SELECTOR = YES;
				GCC_WARN_UNINITIALIZED_AUTOS = YES_AGGRESSIVE;
				GCC_WARN_UNUSED_FUNCTION = YES;
				GCC_WARN_UNUSED_VARIABLE = YES;
				LOCALIZATION_PREFERS_STRING_CATALOGS = YES;
				MTL_ENABLE_DEBUG_INFO = INCLUDE_SOURCE;
				MTL_FAST_MATH = YES;
				ONLY_ACTIVE_ARCH = YES;
				SWIFT_ACTIVE_COMPILATION_CONDITIONS = "DEBUG $(inherited)";
				SWIFT_OPTIMIZATION_LEVEL = "-Onone";
			};
			name = Debug;
		};
		BFE3B8732B883F2500E1FEE6 /* Release */ = {
			isa = XCBuildConfiguration;
			buildSettings = {
				ALWAYS_SEARCH_USER_PATHS = NO;
				ASSETCATALOG_COMPILER_GENERATE_SWIFT_ASSET_SYMBOL_EXTENSIONS = YES;
				CLANG_ANALYZER_NONNULL = YES;
				CLANG_ANALYZER_NUMBER_OBJECT_CONVERSION = YES_AGGRESSIVE;
				CLANG_CXX_LANGUAGE_STANDARD = "gnu++20";
				CLANG_ENABLE_MODULES = YES;
				CLANG_ENABLE_OBJC_ARC = YES;
				CLANG_ENABLE_OBJC_WEAK = YES;
				CLANG_WARN_BLOCK_CAPTURE_AUTORELEASING = YES;
				CLANG_WARN_BOOL_CONVERSION = YES;
				CLANG_WARN_COMMA = YES;
				CLANG_WARN_CONSTANT_CONVERSION = YES;
				CLANG_WARN_DEPRECATED_OBJC_IMPLEMENTATIONS = YES;
				CLANG_WARN_DIRECT_OBJC_ISA_USAGE = YES_ERROR;
				CLANG_WARN_DOCUMENTATION_COMMENTS = YES;
				CLANG_WARN_EMPTY_BODY = YES;
				CLANG_WARN_ENUM_CONVERSION = YES;
				CLANG_WARN_INFINITE_RECURSION = YES;
				CLANG_WARN_INT_CONVERSION = YES;
				CLANG_WARN_NON_LITERAL_NULL_CONVERSION = YES;
				CLANG_WARN_OBJC_IMPLICIT_RETAIN_SELF = YES;
				CLANG_WARN_OBJC_LITERAL_CONVERSION = YES;
				CLANG_WARN_OBJC_ROOT_CLASS = YES_ERROR;
				CLANG_WARN_QUOTED_INCLUDE_IN_FRAMEWORK_HEADER = YES;
				CLANG_WARN_RANGE_LOOP_ANALYSIS = YES;
				CLANG_WARN_STRICT_PROTOTYPES = YES;
				CLANG_WARN_SUSPICIOUS_MOVE = YES;
				CLANG_WARN_UNGUARDED_AVAILABILITY = YES_AGGRESSIVE;
				CLANG_WARN_UNREACHABLE_CODE = YES;
				CLANG_WARN__DUPLICATE_METHOD_MATCH = YES;
				COPY_PHASE_STRIP = NO;
				DEBUG_INFORMATION_FORMAT = "dwarf-with-dsym";
				ENABLE_NS_ASSERTIONS = NO;
				ENABLE_STRICT_OBJC_MSGSEND = YES;
				ENABLE_USER_SCRIPT_SANDBOXING = YES;
				GCC_C_LANGUAGE_STANDARD = gnu17;
				GCC_NO_COMMON_BLOCKS = YES;
				GCC_WARN_64_TO_32_BIT_CONVERSION = YES;
				GCC_WARN_ABOUT_RETURN_TYPE = YES_ERROR;
				GCC_WARN_UNDECLARED_SELECTOR = YES;
				GCC_WARN_UNINITIALIZED_AUTOS = YES_AGGRESSIVE;
				GCC_WARN_UNUSED_FUNCTION = YES;
				GCC_WARN_UNUSED_VARIABLE = YES;
				LOCALIZATION_PREFERS_STRING_CATALOGS = YES;
				MTL_ENABLE_DEBUG_INFO = NO;
				MTL_FAST_MATH = YES;
				SWIFT_COMPILATION_MODE = wholemodule;
			};
			name = Release;
		};
		BFE3B8752B883F2500E1FEE6 /* Debug */ = {
			isa = XCBuildConfiguration;
			buildSettings = {
				ASSETCATALOG_COMPILER_APPICON_NAME = AppIcon;
				ASSETCATALOG_COMPILER_GLOBAL_ACCENT_COLOR_NAME = AccentColor;
				CODE_SIGN_ENTITLEMENTS = GesturesExploration/GesturesExploration.entitlements;
				CODE_SIGN_STYLE = Automatic;
				CURRENT_PROJECT_VERSION = 1;
				DEVELOPMENT_ASSET_PATHS = "\"GesturesExploration/Preview Content\"";
				DEVELOPMENT_TEAM = T9MD4URZFH;
				ENABLE_HARDENED_RUNTIME = YES;
				ENABLE_PREVIEWS = YES;
				GENERATE_INFOPLIST_FILE = YES;
				"INFOPLIST_KEY_UIApplicationSceneManifest_Generation[sdk=iphoneos*]" = YES;
				"INFOPLIST_KEY_UIApplicationSceneManifest_Generation[sdk=iphonesimulator*]" = YES;
				"INFOPLIST_KEY_UIApplicationSupportsIndirectInputEvents[sdk=iphoneos*]" = YES;
				"INFOPLIST_KEY_UIApplicationSupportsIndirectInputEvents[sdk=iphonesimulator*]" = YES;
				"INFOPLIST_KEY_UILaunchScreen_Generation[sdk=iphoneos*]" = YES;
				"INFOPLIST_KEY_UILaunchScreen_Generation[sdk=iphonesimulator*]" = YES;
				"INFOPLIST_KEY_UIStatusBarStyle[sdk=iphoneos*]" = UIStatusBarStyleDefault;
				"INFOPLIST_KEY_UIStatusBarStyle[sdk=iphonesimulator*]" = UIStatusBarStyleDefault;
				INFOPLIST_KEY_UISupportedInterfaceOrientations_iPad = "UIInterfaceOrientationPortrait UIInterfaceOrientationPortraitUpsideDown UIInterfaceOrientationLandscapeLeft UIInterfaceOrientationLandscapeRight";
				INFOPLIST_KEY_UISupportedInterfaceOrientations_iPhone = "UIInterfaceOrientationPortrait UIInterfaceOrientationLandscapeLeft UIInterfaceOrientationLandscapeRight";
				IPHONEOS_DEPLOYMENT_TARGET = 17.2;
				LD_RUNPATH_SEARCH_PATHS = "@executable_path/Frameworks";
				"LD_RUNPATH_SEARCH_PATHS[sdk=macosx*]" = "@executable_path/../Frameworks";
				MACOSX_DEPLOYMENT_TARGET = 14.2;
				MARKETING_VERSION = 1.0;
				PRODUCT_BUNDLE_IDENTIFIER = com.superkookai.GesturesExploration;
				PRODUCT_NAME = "$(TARGET_NAME)";
				SDKROOT = auto;
				SUPPORTED_PLATFORMS = "iphoneos iphonesimulator macosx";
				SWIFT_EMIT_LOC_STRINGS = YES;
				SWIFT_VERSION = 5.0;
				TARGETED_DEVICE_FAMILY = "1,2";
			};
			name = Debug;
		};
		BFE3B8762B883F2500E1FEE6 /* Release */ = {
			isa = XCBuildConfiguration;
			buildSettings = {
				ASSETCATALOG_COMPILER_APPICON_NAME = AppIcon;
				ASSETCATALOG_COMPILER_GLOBAL_ACCENT_COLOR_NAME = AccentColor;
				CODE_SIGN_ENTITLEMENTS = GesturesExploration/GesturesExploration.entitlements;
				CODE_SIGN_STYLE = Automatic;
				CURRENT_PROJECT_VERSION = 1;
				DEVELOPMENT_ASSET_PATHS = "\"GesturesExploration/Preview Content\"";
				DEVELOPMENT_TEAM = T9MD4URZFH;
				ENABLE_HARDENED_RUNTIME = YES;
				ENABLE_PREVIEWS = YES;
				GENERATE_INFOPLIST_FILE = YES;
				"INFOPLIST_KEY_UIApplicationSceneManifest_Generation[sdk=iphoneos*]" = YES;
				"INFOPLIST_KEY_UIApplicationSceneManifest_Generation[sdk=iphonesimulator*]" = YES;
				"INFOPLIST_KEY_UIApplicationSupportsIndirectInputEvents[sdk=iphoneos*]" = YES;
				"INFOPLIST_KEY_UIApplicationSupportsIndirectInputEvents[sdk=iphonesimulator*]" = YES;
				"INFOPLIST_KEY_UILaunchScreen_Generation[sdk=iphoneos*]" = YES;
				"INFOPLIST_KEY_UILaunchScreen_Generation[sdk=iphonesimulator*]" = YES;
				"INFOPLIST_KEY_UIStatusBarStyle[sdk=iphoneos*]" = UIStatusBarStyleDefault;
				"INFOPLIST_KEY_UIStatusBarStyle[sdk=iphonesimulator*]" = UIStatusBarStyleDefault;
				INFOPLIST_KEY_UISupportedInterfaceOrientations_iPad = "UIInterfaceOrientationPortrait UIInterfaceOrientationPortraitUpsideDown UIInterfaceOrientationLandscapeLeft UIInterfaceOrientationLandscapeRight";
				INFOPLIST_KEY_UISupportedInterfaceOrientations_iPhone = "UIInterfaceOrientationPortrait UIInterfaceOrientationLandscapeLeft UIInterfaceOrientationLandscapeRight";
				IPHONEOS_DEPLOYMENT_TARGET = 17.2;
				LD_RUNPATH_SEARCH_PATHS = "@executable_path/Frameworks";
				"LD_RUNPATH_SEARCH_PATHS[sdk=macosx*]" = "@executable_path/../Frameworks";
				MACOSX_DEPLOYMENT_TARGET = 14.2;
				MARKETING_VERSION = 1.0;
				PRODUCT_BUNDLE_IDENTIFIER = com.superkookai.GesturesExploration;
				PRODUCT_NAME = "$(TARGET_NAME)";
				SDKROOT = auto;
				SUPPORTED_PLATFORMS = "iphoneos iphonesimulator macosx";
				SWIFT_EMIT_LOC_STRINGS = YES;
				SWIFT_VERSION = 5.0;
				TARGETED_DEVICE_FAMILY = "1,2";
			};
			name = Release;
		};
/* End XCBuildConfiguration section */

/* Begin XCConfigurationList section */
		BFE3B8602B883F2400E1FEE6 /* Build configuration list for PBXProject "GesturesExploration" */ = {
			isa = XCConfigurationList;
			buildConfigurations = (
				BFE3B8722B883F2500E1FEE6 /* Debug */,
				BFE3B8732B883F2500E1FEE6 /* Release */,
			);
			defaultConfigurationIsVisible = 0;
			defaultConfigurationName = Release;
		};
		BFE3B8742B883F2500E1FEE6 /* Build configuration list for PBXNativeTarget "GesturesExploration" */ = {
			isa = XCConfigurationList;
			buildConfigurations = (
				BFE3B8752B883F2500E1FEE6 /* Debug */,
				BFE3B8762B883F2500E1FEE6 /* Release */,
			);
			defaultConfigurationIsVisible = 0;
			defaultConfigurationName = Release;
		};
/* End XCConfigurationList section */
	};
	rootObject = BFE3B85D2B883F2400E1FEE6 /* Project object */;
}
